
Microsoft Visual Studio Solution File, Format Version 12.00
# Visual Studio Version 17
VisualStudioVersion = 17.7.34221.43
MinimumVisualStudioVersion = 10.0.40219.1
Project("{9A19103F-16F7-4668-BE54-9A1E7A4F7556}") = "PlayerProject", "PlayerProject\PlayerProject.csproj", "{B1A7DD19-79C0-4DF3-A1D5-3EE3647BC28B}"
EndProject
Project("{FAE04EC0-301F-11D3-BF4B-00C04F79EFBC}") = "WinUITest", "WinUITest\WinUITest.csproj", "{36CC8431-4DA9-48F2-9D63-40F1B8CD0578}"
EndProject
Global
	GlobalSection(SolutionConfigurationPlatforms) = preSolution
		Debug|Any CPU = Debug|Any CPU
		Debug|ARM64 = Debug|ARM64
		Debug|x64 = Debug|x64
		Debug|x86 = Debug|x86
		Release|Any CPU = Release|Any CPU
		Release|ARM64 = Release|ARM64
		Release|x64 = Release|x64
		Release|x86 = Release|x86
	EndGlobalSection
	GlobalSection(ProjectConfigurationPlatforms) = postSolution
		{B1A7DD19-79C0-4DF3-A1D5-3EE3647BC28B}.Debug|Any CPU.ActiveCfg = Debug|Any CPU
		{B1A7DD19-79C0-4DF3-A1D5-3EE3647BC28B}.Debug|Any CPU.Build.0 = Debug|Any CPU
		{B1A7DD19-79C0-4DF3-A1D5-3EE3647BC28B}.Debug|ARM64.ActiveCfg = Debug|Any CPU
		{B1A7DD19-79C0-4DF3-A1D5-3EE3647BC28B}.Debug|ARM64.Build.0 = Debug|Any CPU
		{B1A7DD19-79C0-4DF3-A1D5-3EE3647BC28B}.Debug|x64.ActiveCfg = Debug|Any CPU
		{B1A7DD19-79C0-4DF3-A1D5-3EE3647BC28B}.Debug|x64.Build.0 = Debug|Any CPU
		{B1A7DD19-79C0-4DF3-A1D5-3EE3647BC28B}.Debug|x86.ActiveCfg = Debug|Any CPU
		{B1A7DD19-79C0-4DF3-A1D5-3EE3647BC28B}.Debug|x86.Build.0 = Debug|Any CPU
		{B1A7DD19-79C0-4DF3-A1D5-3EE3647BC28B}.Release|Any CPU.ActiveCfg = Release|Any CPU
		{B1A7DD19-79C0-4DF3-A1D5-3EE3647BC28B}.Release|Any CPU.Build.0 = Release|Any CPU
		{B1A7DD19-79C0-4DF3-A1D5-3EE3647BC28B}.Release|ARM64.ActiveCfg = Release|Any CPU
		{B1A7DD19-79C0-4DF3-A1D5-3EE3647BC28B}.Release|ARM64.Build.0 = Release|Any CPU
		{B1A7DD19-79C0-4DF3-A1D5-3EE3647BC28B}.Release|x64.ActiveCfg = Release|Any CPU
		{B1A7DD19-79C0-4DF3-A1D5-3EE3647BC28B}.Release|x64.Build.0 = Release|Any CPU
		{B1A7DD19-79C0-4DF3-A1D5-3EE3647BC28B}.Release|x86.ActiveCfg = Release|Any CPU
		{B1A7DD19-79C0-4DF3-A1D5-3EE3647BC28B}.Release|x86.Build.0 = Release|Any CPU
		{36CC8431-4DA9-48F2-9D63-40F1B8CD0578}.Debug|Any CPU.ActiveCfg = Debug|x64
		{36CC8431-4DA9-48F2-9D63-40F1B8CD0578}.Debug|Any CPU.Build.0 = Debug|x64
		{36CC8431-4DA9-48F2-9D63-40F1B8CD0578}.Debug|Any CPU.Deploy.0 = Debug|x64
		{36CC8431-4DA9-48F2-9D63-40F1B8CD0578}.Debug|ARM64.ActiveCfg = Debug|ARM64
		{36CC8431-4DA9-48F2-9D63-40F1B8CD0578}.Debug|ARM64.Build.0 = Debug|ARM64
		{36CC8431-4DA9-48F2-9D63-40F1B8CD0578}.Debug|ARM64.Deploy.0 = Debug|ARM64
		{36CC8431-4DA9-48F2-9D63-40F1B8CD0578}.Debug|x64.ActiveCfg = Debug|x64
		{36CC8431-4DA9-48F2-9D63-40F1B8CD0578}.Debug|x64.Build.0 = Debug|x64
		{36CC8431-4DA9-48F2-9D63-40F1B8CD0578}.Debug|x64.Deploy.0 = Debug|x64
		{36CC8431-4DA9-48F2-9D63-40F1B8CD0578}.Debug|x86.ActiveCfg = Debug|x86
		{36CC8431-4DA9-48F2-9D63-40F1B8CD0578}.Debug|x86.Build.0 = Debug|x86
		{36CC8431-4DA9-48F2-9D63-40F1B8CD0578}.Debug|x86.Deploy.0 = Debug|x86
		{36CC8431-4DA9-48F2-9D63-40F1B8CD0578}.Release|Any CPU.ActiveCfg = Release|x64
		{36CC8431-4DA9-48F2-9D63-40F1B8CD0578}.Release|Any CPU.Build.0 = Release|x64
		{36CC8431-4DA9-48F2-9D63-40F1B8CD0578}.Release|Any CPU.Deploy.0 = Release|x64
		{36CC8431-4DA9-48F2-9D63-40F1B8CD0578}.Release|ARM64.ActiveCfg = Release|ARM64
		{36CC8431-4DA9-48F2-9D63-40F1B8CD0578}.Release|ARM64.Build.0 = Release|ARM64
		{36CC8431-4DA9-48F2-9D63-40F1B8CD0578}.Release|ARM64.Deploy.0 = Release|ARM64
		{36CC8431-4DA9-48F2-9D63-40F1B8CD0578}.Release|x64.ActiveCfg = Release|x64
		{36CC8431-4DA9-48F2-9D63-40F1B8CD0578}.Release|x64.Build.0 = Release|x64
		{36CC8431-4DA9-48F2-9D63-40F1B8CD0578}.Release|x64.Deploy.0 = Release|x64
		{36CC8431-4DA9-48F2-9D63-40F1B8CD0578}.Release|x86.ActiveCfg = Release|x86
		{36CC8431-4DA9-48F2-9D63-40F1B8CD0578}.Release|x86.Build.0 = Release|x86
		{36CC8431-4DA9-48F2-9D63-40F1B8CD0578}.Release|x86.Deploy.0 = Release|x86
	EndGlobalSection
	GlobalSection(SolutionProperties) = preSolution
		HideSolutionNode = FALSE
	EndGlobalSection
	GlobalSection(ExtensibilityGlobals) = postSolution
		SolutionGuid = {723C4D04-3766-413C-BF23-C04C551F8D97}
	EndGlobalSection
EndGlobal
